
Microsoft Visual Studio Solution File, Format Version 12.00
# Visual Studio Version 17
VisualStudioVersion = 17.0.31903.59
MinimumVisualStudioVersion = 10.0.40219.1
Project("{FAE04EC0-301F-11D3-BF4B-00C04F79EFBC}") = "API", "API\API.csproj", "{C36BD6D1-9A90-4B4E-9384-9F7F1D56EC48}"
EndProject
Project("{FAE04EC0-301F-11D3-BF4B-00C04F79EFBC}") = "Application", "Application\Application.csproj", "{C7029E30-BEF7-4B0F-A5E9-04699379DD9F}"
EndProject
Project("{FAE04EC0-301F-11D3-BF4B-00C04F79EFBC}") = "Domain", "Domain\Domain.csproj", "{9C93D555-F8F9-48CF-AD2C-5DA4EB0FF56B}"
EndProject
Project("{FAE04EC0-301F-11D3-BF4B-00C04F79EFBC}") = "Persistence", "Persistence\Persistence.csproj", "{CAF40E92-AB23-4904-950C-F358CFC4C705}"
EndProject
Global
	GlobalSection(SolutionConfigurationPlatforms) = preSolution
		Debug|Any CPU = Debug|Any CPU
		Release|Any CPU = Release|Any CPU
	EndGlobalSection
	GlobalSection(SolutionProperties) = preSolution
		HideSolutionNode = FALSE
	EndGlobalSection
	GlobalSection(ProjectConfigurationPlatforms) = postSolution
		{C36BD6D1-9A90-4B4E-9384-9F7F1D56EC48}.Debug|Any CPU.ActiveCfg = Debug|Any CPU
		{C36BD6D1-9A90-4B4E-9384-9F7F1D56EC48}.Debug|Any CPU.Build.0 = Debug|Any CPU
		{C36BD6D1-9A90-4B4E-9384-9F7F1D56EC48}.Release|Any CPU.ActiveCfg = Release|Any CPU
		{C36BD6D1-9A90-4B4E-9384-9F7F1D56EC48}.Release|Any CPU.Build.0 = Release|Any CPU
		{C7029E30-BEF7-4B0F-A5E9-04699379DD9F}.Debug|Any CPU.ActiveCfg = Debug|Any CPU
		{C7029E30-BEF7-4B0F-A5E9-04699379DD9F}.Debug|Any CPU.Build.0 = Debug|Any CPU
		{C7029E30-BEF7-4B0F-A5E9-04699379DD9F}.Release|Any CPU.ActiveCfg = Release|Any CPU
		{C7029E30-BEF7-4B0F-A5E9-04699379DD9F}.Release|Any CPU.Build.0 = Release|Any CPU
		{9C93D555-F8F9-48CF-AD2C-5DA4EB0FF56B}.Debug|Any CPU.ActiveCfg = Debug|Any CPU
		{9C93D555-F8F9-48CF-AD2C-5DA4EB0FF56B}.Debug|Any CPU.Build.0 = Debug|Any CPU
		{9C93D555-F8F9-48CF-AD2C-5DA4EB0FF56B}.Release|Any CPU.ActiveCfg = Release|Any CPU
		{9C93D555-F8F9-48CF-AD2C-5DA4EB0FF56B}.Release|Any CPU.Build.0 = Release|Any CPU
		{CAF40E92-AB23-4904-950C-F358CFC4C705}.Debug|Any CPU.ActiveCfg = Debug|Any CPU
		{CAF40E92-AB23-4904-950C-F358CFC4C705}.Debug|Any CPU.Build.0 = Debug|Any CPU
		{CAF40E92-AB23-4904-950C-F358CFC4C705}.Release|Any CPU.ActiveCfg = Release|Any CPU
		{CAF40E92-AB23-4904-950C-F358CFC4C705}.Release|Any CPU.Build.0 = Release|Any CPU
	EndGlobalSection
EndGlobal
